
Microsoft Visual Studio Solution File, Format Version 12.00
# Visual Studio Version 17
VisualStudioVersion = 17.8.34330.188
MinimumVisualStudioVersion = 10.0.40219.1
Project("{FAE04EC0-301F-11D3-BF4B-00C04F79EFBC}") = "AttributeLibrary", "AttributeLibrary\AttributeLibrary.csproj", "{01C86254-AD6E-4325-B465-F151C58050FC}"
EndProject
Global
	GlobalSection(SolutionConfigurationPlatforms) = preSolution
		Debug|Any CPU = Debug|Any CPU
		Release|Any CPU = Release|Any CPU
	EndGlobalSection
	GlobalSection(ProjectConfigurationPlatforms) = postSolution
		{01C86254-AD6E-4325-B465-F151C58050FC}.Debug|Any CPU.ActiveCfg = Debug|Any CPU
		{01C86254-AD6E-4325-B465-F151C58050FC}.Debug|Any CPU.Build.0 = Debug|Any CPU
		{01C86254-AD6E-4325-B465-F151C58050FC}.Release|Any CPU.ActiveCfg = Release|Any CPU
		{01C86254-AD6E-4325-B465-F151C58050FC}.Release|Any CPU.Build.0 = Release|Any CPU
	EndGlobalSection
	GlobalSection(SolutionProperties) = preSolution
		HideSolutionNode = FALSE
	EndGlobalSection
	GlobalSection(ExtensibilityGlobals) = postSolution
		SolutionGuid = {C38AF50F-07BE-419B-A9C1-A06BF55EA0CC}
	EndGlobalSection
EndGlobal
