
Microsoft Visual Studio Solution File, Format Version 12.00
# Visual Studio Version 17
VisualStudioVersion = 17.8.34330.188
MinimumVisualStudioVersion = 10.0.40219.1
Project("{FAE04EC0-301F-11D3-BF4B-00C04F79EFBC}") = "AttributeWinFormsApp", "AttributeWinFormsApp\AttributeWinFormsApp.csproj", "{1FC6164A-CD02-4B98-8627-A807890B4F0A}"
EndProject
Global
	GlobalSection(SolutionConfigurationPlatforms) = preSolution
		Debug|Any CPU = Debug|Any CPU
		Release|Any CPU = Release|Any CPU
	EndGlobalSection
	GlobalSection(ProjectConfigurationPlatforms) = postSolution
		{1FC6164A-CD02-4B98-8627-A807890B4F0A}.Debug|Any CPU.ActiveCfg = Debug|Any CPU
		{1FC6164A-CD02-4B98-8627-A807890B4F0A}.Debug|Any CPU.Build.0 = Debug|Any CPU
		{1FC6164A-CD02-4B98-8627-A807890B4F0A}.Release|Any CPU.ActiveCfg = Release|Any CPU
		{1FC6164A-CD02-4B98-8627-A807890B4F0A}.Release|Any CPU.Build.0 = Release|Any CPU
	EndGlobalSection
	GlobalSection(SolutionProperties) = preSolution
		HideSolutionNode = FALSE
	EndGlobalSection
	GlobalSection(ExtensibilityGlobals) = postSolution
		SolutionGuid = {D4BB9FFB-9666-48D5-819F-2F6934714ECE}
	EndGlobalSection
EndGlobal
